
Microsoft Visual Studio Solution File, Format Version 12.00
# Visual Studio Version 17
VisualStudioVersion = 17.1.32407.343
MinimumVisualStudioVersion = 10.0.40219.1
Project("{FAE04EC0-301F-11D3-BF4B-00C04F79EFBC}") = "Plataforma", "Plataforma\Plataforma.csproj", "{B4E5774D-9DA9-4909-876E-7CE9D720EBB3}"
EndProject
Project("{FAE04EC0-301F-11D3-BF4B-00C04F79EFBC}") = "Logica", "Logica\Logica.csproj", "{D6646020-1D5B-4979-BFE0-5B5838645D6B}"
EndProject
Global
	GlobalSection(SolutionConfigurationPlatforms) = preSolution
		Debug|Any CPU = Debug|Any CPU
		Release|Any CPU = Release|Any CPU
	EndGlobalSection
	GlobalSection(ProjectConfigurationPlatforms) = postSolution
		{B4E5774D-9DA9-4909-876E-7CE9D720EBB3}.Debug|Any CPU.ActiveCfg = Debug|Any CPU
		{B4E5774D-9DA9-4909-876E-7CE9D720EBB3}.Debug|Any CPU.Build.0 = Debug|Any CPU
		{B4E5774D-9DA9-4909-876E-7CE9D720EBB3}.Release|Any CPU.ActiveCfg = Release|Any CPU
		{B4E5774D-9DA9-4909-876E-7CE9D720EBB3}.Release|Any CPU.Build.0 = Release|Any CPU
		{D6646020-1D5B-4979-BFE0-5B5838645D6B}.Debug|Any CPU.ActiveCfg = Debug|Any CPU
		{D6646020-1D5B-4979-BFE0-5B5838645D6B}.Debug|Any CPU.Build.0 = Debug|Any CPU
		{D6646020-1D5B-4979-BFE0-5B5838645D6B}.Release|Any CPU.ActiveCfg = Release|Any CPU
		{D6646020-1D5B-4979-BFE0-5B5838645D6B}.Release|Any CPU.Build.0 = Release|Any CPU
	EndGlobalSection
	GlobalSection(SolutionProperties) = preSolution
		HideSolutionNode = FALSE
	EndGlobalSection
	GlobalSection(ExtensibilityGlobals) = postSolution
		SolutionGuid = {336C2115-AF79-46ED-BEEE-EEFF7EF9A311}
	EndGlobalSection
EndGlobal
